{
  "name": "mern-auth",
  "lockfileVersion": 2,
  "requires": true,
  "packages": {
    "": {
      "dependencies": {
        "tss-react": "^4.4.5"
      }
    },
    "node_modules/@emotion/cache": {
      "version": "11.10.5",
      "resolved": "https://registry.npmjs.org/@emotion/cache/-/cache-11.10.5.tgz",
      "integrity": "sha512-dGYHWyzTdmK+f2+EnIGBpkz1lKc4Zbj2KHd4cX3Wi8/OWr5pKslNjc3yABKH4adRGCvSX4VDC0i04mrrq0aiRA==",
      "dependencies": {
        "@emotion/memoize": "^0.8.0",
        "@emotion/sheet": "^1.2.1",
        "@emotion/utils": "^1.2.0",
        "@emotion/weak-memoize": "^0.3.0",
        "stylis": "4.1.3"
      }
    },
    "node_modules/@emotion/hash": {
      "version": "0.9.0",
      "resolved": "https://registry.npmjs.org/@emotion/hash/-/hash-0.9.0.tgz",
      "integrity": "sha512-14FtKiHhy2QoPIzdTcvh//8OyBlknNs2nXRwIhG904opCby3l+9Xaf/wuPvICBF0rc1ZCNBd3nKe9cd2mecVkQ=="
    },
    "node_modules/@emotion/memoize": {
      "version": "0.8.0",
      "resolved": "https://registry.npmjs.org/@emotion/memoize/-/memoize-0.8.0.tgz",
      "integrity": "sha512-G/YwXTkv7Den9mXDO7AhLWkE3q+I92B+VqAE+dYG4NGPaHZGvt3G8Q0p9vmE+sq7rTGphUbAvmQ9YpbfMQGGlA=="
    },
    "node_modules/@emotion/serialize": {
      "version": "1.1.1",
      "resolved": "https://registry.npmjs.org/@emotion/serialize/-/serialize-1.1.1.tgz",
      "integrity": "sha512-Zl/0LFggN7+L1liljxXdsVSVlg6E/Z/olVWpfxUTxOAmi8NU7YoeWeLfi1RmnB2TATHoaWwIBRoL+FvAJiTUQA==",
      "dependencies": {
        "@emotion/hash": "^0.9.0",
        "@emotion/memoize": "^0.8.0",
        "@emotion/unitless": "^0.8.0",
        "@emotion/utils": "^1.2.0",
        "csstype": "^3.0.2"
      }
    },
    "node_modules/@emotion/sheet": {
      "version": "1.2.1",
      "resolved": "https://registry.npmjs.org/@emotion/sheet/-/sheet-1.2.1.tgz",
      "integrity": "sha512-zxRBwl93sHMsOj4zs+OslQKg/uhF38MB+OMKoCrVuS0nyTkqnau+BM3WGEoOptg9Oz45T/aIGs1qbVAsEFo3nA=="
    },
    "node_modules/@emotion/unitless": {
      "version": "0.8.0",
      "resolved": "https://registry.npmjs.org/@emotion/unitless/-/unitless-0.8.0.tgz",
      "integrity": "sha512-VINS5vEYAscRl2ZUDiT3uMPlrFQupiKgHz5AA4bCH1miKBg4qtwkim1qPmJj/4WG6TreYMY111rEFsjupcOKHw=="
    },
    "node_modules/@emotion/utils": {
      "version": "1.2.0",
      "resolved": "https://registry.npmjs.org/@emotion/utils/-/utils-1.2.0.tgz",
      "integrity": "sha512-sn3WH53Kzpw8oQ5mgMmIzzyAaH2ZqFEbozVVBSYp538E06OSE6ytOp7pRAjNQR+Q/orwqdQYJSe2m3hCOeznkw=="
    },
    "node_modules/@emotion/weak-memoize": {
      "version": "0.3.0",
      "resolved": "https://registry.npmjs.org/@emotion/weak-memoize/-/weak-memoize-0.3.0.tgz",
      "integrity": "sha512-AHPmaAx+RYfZz0eYu6Gviiagpmiyw98ySSlQvCUhVGDRtDFe4DBS0x1bSjdF3gqUDYOczB+yYvBTtEylYSdRhg=="
    },
    "node_modules/csstype": {
      "version": "3.1.1",
      "resolved": "https://registry.npmjs.org/csstype/-/csstype-3.1.1.tgz",
      "integrity": "sha512-DJR/VvkAvSZW9bTouZue2sSxDwdTN92uHjqeKVm+0dAqdfNykRzQ95tay8aXMBAAPpUiq4Qcug2L7neoRh2Egw=="
    },
    "node_modules/stylis": {
      "version": "4.1.3",
      "resolved": "https://registry.npmjs.org/stylis/-/stylis-4.1.3.tgz",
      "integrity": "sha512-GP6WDNWf+o403jrEp9c5jibKavrtLW+/qYGhFxFrG8maXhwTBI7gLLhiBb0o7uFccWN+EOS9aMO6cGHWAO07OA=="
    },
    "node_modules/tss-react": {
      "version": "4.4.5",
      "resolved": "https://registry.npmjs.org/tss-react/-/tss-react-4.4.5.tgz",
      "integrity": "sha512-yKKwAuaTKyJf0R1Kn7o0T3RVw/Q3lufQQy2Cic2ZFiD1wnamjYCfPgDjQ44Wyk0lyVJGnTXHbUOwh7dhP5lTsA==",
      "dependencies": {
        "@emotion/cache": "*",
        "@emotion/serialize": "*",
        "@emotion/utils": "*"
      },
      "peerDependencies": {
        "@emotion/react": "^11.4.1",
        "@emotion/server": "^11.4.0",
        "react": "^16.8.0 || ^17.0.2 || ^18.0.0"
      },
      "peerDependenciesMeta": {
        "@emotion/server": {
          "optional": true
        }
      }
    }
  },
  "dependencies": {
    "@emotion/cache": {
      "version": "11.10.5",
      "resolved": "https://registry.npmjs.org/@emotion/cache/-/cache-11.10.5.tgz",
      "integrity": "sha512-dGYHWyzTdmK+f2+EnIGBpkz1lKc4Zbj2KHd4cX3Wi8/OWr5pKslNjc3yABKH4adRGCvSX4VDC0i04mrrq0aiRA==",
      "requires": {
        "@emotion/memoize": "^0.8.0",
        "@emotion/sheet": "^1.2.1",
        "@emotion/utils": "^1.2.0",
        "@emotion/weak-memoize": "^0.3.0",
        "stylis": "4.1.3"
      }
    },
    "@emotion/hash": {
      "version": "0.9.0",
      "resolved": "https://registry.npmjs.org/@emotion/hash/-/hash-0.9.0.tgz",
      "integrity": "sha512-14FtKiHhy2QoPIzdTcvh//8OyBlknNs2nXRwIhG904opCby3l+9Xaf/wuPvICBF0rc1ZCNBd3nKe9cd2mecVkQ=="
    },
    "@emotion/memoize": {
      "version": "0.8.0",
      "resolved": "https://registry.npmjs.org/@emotion/memoize/-/memoize-0.8.0.tgz",
      "integrity": "sha512-G/YwXTkv7Den9mXDO7AhLWkE3q+I92B+VqAE+dYG4NGPaHZGvt3G8Q0p9vmE+sq7rTGphUbAvmQ9YpbfMQGGlA=="
    },
    "@emotion/serialize": {
      "version": "1.1.1",
      "resolved": "https://registry.npmjs.org/@emotion/serialize/-/serialize-1.1.1.tgz",
      "integrity": "sha512-Zl/0LFggN7+L1liljxXdsVSVlg6E/Z/olVWpfxUTxOAmi8NU7YoeWeLfi1RmnB2TATHoaWwIBRoL+FvAJiTUQA==",
      "requires": {
        "@emotion/hash": "^0.9.0",
        "@emotion/memoize": "^0.8.0",
        "@emotion/unitless": "^0.8.0",
        "@emotion/utils": "^1.2.0",
        "csstype": "^3.0.2"
      }
    },
    "@emotion/sheet": {
      "version": "1.2.1",
      "resolved": "https://registry.npmjs.org/@emotion/sheet/-/sheet-1.2.1.tgz",
      "integrity": "sha512-zxRBwl93sHMsOj4zs+OslQKg/uhF38MB+OMKoCrVuS0nyTkqnau+BM3WGEoOptg9Oz45T/aIGs1qbVAsEFo3nA=="
    },
    "@emotion/unitless": {
      "version": "0.8.0",
      "resolved": "https://registry.npmjs.org/@emotion/unitless/-/unitless-0.8.0.tgz",
      "integrity": "sha512-VINS5vEYAscRl2ZUDiT3uMPlrFQupiKgHz5AA4bCH1miKBg4qtwkim1qPmJj/4WG6TreYMY111rEFsjupcOKHw=="
    },
    "@emotion/utils": {
      "version": "1.2.0",
      "resolved": "https://registry.npmjs.org/@emotion/utils/-/utils-1.2.0.tgz",
      "integrity": "sha512-sn3WH53Kzpw8oQ5mgMmIzzyAaH2ZqFEbozVVBSYp538E06OSE6ytOp7pRAjNQR+Q/orwqdQYJSe2m3hCOeznkw=="
    },
    "@emotion/weak-memoize": {
      "version": "0.3.0",
      "resolved": "https://registry.npmjs.org/@emotion/weak-memoize/-/weak-memoize-0.3.0.tgz",
      "integrity": "sha512-AHPmaAx+RYfZz0eYu6Gviiagpmiyw98ySSlQvCUhVGDRtDFe4DBS0x1bSjdF3gqUDYOczB+yYvBTtEylYSdRhg=="
    },
    "csstype": {
      "version": "3.1.1",
      "resolved": "https://registry.npmjs.org/csstype/-/csstype-3.1.1.tgz",
      "integrity": "sha512-DJR/VvkAvSZW9bTouZue2sSxDwdTN92uHjqeKVm+0dAqdfNykRzQ95tay8aXMBAAPpUiq4Qcug2L7neoRh2Egw=="
    },
    "stylis": {
      "version": "4.1.3",
      "resolved": "https://registry.npmjs.org/stylis/-/stylis-4.1.3.tgz",
      "integrity": "sha512-GP6WDNWf+o403jrEp9c5jibKavrtLW+/qYGhFxFrG8maXhwTBI7gLLhiBb0o7uFccWN+EOS9aMO6cGHWAO07OA=="
    },
    "tss-react": {
      "version": "4.4.5",
      "resolved": "https://registry.npmjs.org/tss-react/-/tss-react-4.4.5.tgz",
      "integrity": "sha512-yKKwAuaTKyJf0R1Kn7o0T3RVw/Q3lufQQy2Cic2ZFiD1wnamjYCfPgDjQ44Wyk0lyVJGnTXHbUOwh7dhP5lTsA==",
      "requires": {
        "@emotion/cache": "*",
        "@emotion/serialize": "*",
        "@emotion/utils": "*"
      }
    }
  }
}
